
Microsoft Visual Studio Solution File, Format Version 12.00
# Visual Studio Version 16
VisualStudioVersion = 16.0.31229.75
MinimumVisualStudioVersion = 10.0.40219.1
Project("{FAE04EC0-301F-11D3-BF4B-00C04F79EFBC}") = "Solutions", "Solutions\Solutions.csproj", "{9AFE0501-F2BC-4534-839C-D00999AA52ED}"
EndProject
Global
	GlobalSection(SolutionConfigurationPlatforms) = preSolution
		Debug|Any CPU = Debug|Any CPU
		Release|Any CPU = Release|Any CPU
	EndGlobalSection
	GlobalSection(ProjectConfigurationPlatforms) = postSolution
		{9AFE0501-F2BC-4534-839C-D00999AA52ED}.Debug|Any CPU.ActiveCfg = Debug|Any CPU
		{9AFE0501-F2BC-4534-839C-D00999AA52ED}.Debug|Any CPU.Build.0 = Debug|Any CPU
		{9AFE0501-F2BC-4534-839C-D00999AA52ED}.Release|Any CPU.ActiveCfg = Release|Any CPU
		{9AFE0501-F2BC-4534-839C-D00999AA52ED}.Release|Any CPU.Build.0 = Release|Any CPU
	EndGlobalSection
	GlobalSection(SolutionProperties) = preSolution
		HideSolutionNode = FALSE
	EndGlobalSection
	GlobalSection(ExtensibilityGlobals) = postSolution
		SolutionGuid = {24DD4E65-BAD9-4908-828E-DD9E22CB1201}
	EndGlobalSection
EndGlobal
